
Microsoft Visual Studio Solution File, Format Version 11.00
# Visual Studio 2010
Project("{FAE04EC0-301F-11D3-BF4B-00C04F79EFBC}") = "Assembly-CSharp", "Assembly-CSharp.csproj", "{C12D4C6B-34A6-713F-7986-0CB263564B99}"
EndProject
Project("{FAE04EC0-301F-11D3-BF4B-00C04F79EFBC}") = "Assembly-CSharp-firstpass", "Assembly-CSharp-firstpass.csproj", "{345A5CAB-71F1-C139-7E27-AF6A3D8B2601}"
EndProject
Project("{FAE04EC0-301F-11D3-BF4B-00C04F79EFBC}") = "Assembly-CSharp-Editor", "Assembly-CSharp-Editor.csproj", "{B7A20A63-9CA5-2BC6-6883-6017C0C7F0FA}"
EndProject
Global
	GlobalSection(SolutionConfigurationPlatforms) = preSolution
		Debug|Any CPU = Debug|Any CPU
		Release|Any CPU = Release|Any CPU
	EndGlobalSection
	GlobalSection(ProjectConfigurationPlatforms) = postSolution
		{C12D4C6B-34A6-713F-7986-0CB263564B99}.Debug|Any CPU.ActiveCfg = Debug|Any CPU
		{C12D4C6B-34A6-713F-7986-0CB263564B99}.Debug|Any CPU.Build.0 = Debug|Any CPU
		{C12D4C6B-34A6-713F-7986-0CB263564B99}.Release|Any CPU.ActiveCfg = Release|Any CPU
		{C12D4C6B-34A6-713F-7986-0CB263564B99}.Release|Any CPU.Build.0 = Release|Any CPU
		{345A5CAB-71F1-C139-7E27-AF6A3D8B2601}.Debug|Any CPU.ActiveCfg = Debug|Any CPU
		{345A5CAB-71F1-C139-7E27-AF6A3D8B2601}.Debug|Any CPU.Build.0 = Debug|Any CPU
		{345A5CAB-71F1-C139-7E27-AF6A3D8B2601}.Release|Any CPU.ActiveCfg = Release|Any CPU
		{345A5CAB-71F1-C139-7E27-AF6A3D8B2601}.Release|Any CPU.Build.0 = Release|Any CPU
		{B7A20A63-9CA5-2BC6-6883-6017C0C7F0FA}.Debug|Any CPU.ActiveCfg = Debug|Any CPU
		{B7A20A63-9CA5-2BC6-6883-6017C0C7F0FA}.Debug|Any CPU.Build.0 = Debug|Any CPU
		{B7A20A63-9CA5-2BC6-6883-6017C0C7F0FA}.Release|Any CPU.ActiveCfg = Release|Any CPU
		{B7A20A63-9CA5-2BC6-6883-6017C0C7F0FA}.Release|Any CPU.Build.0 = Release|Any CPU
	EndGlobalSection
	GlobalSection(SolutionProperties) = preSolution
		HideSolutionNode = FALSE
	EndGlobalSection
	GlobalSection(MonoDevelopProperties) = preSolution
		StartupItem = Assembly-CSharp.csproj
	EndGlobalSection
EndGlobal
