
Microsoft Visual Studio Solution File, Format Version 11.00
# Visual Studio 2010
Project("{FAE04EC0-301F-11D3-BF4B-00C04F79EFBC}") = "Assembly-CSharp", "Assembly-CSharp.csproj", "{17C62FFA-02C2-AACD-2DA8-22BB3875C6A6}"
EndProject
Project("{FAE04EC0-301F-11D3-BF4B-00C04F79EFBC}") = "Assembly-CSharp-firstpass", "Assembly-CSharp-firstpass.csproj", "{58E56DEB-4788-4295-21F0-D7BB61ECFFB3}"
EndProject
Project("{FAE04EC0-301F-11D3-BF4B-00C04F79EFBC}") = "Assembly-CSharp-Editor", "Assembly-CSharp-Editor.csproj", "{3ABB5BF0-8CE1-825C-8E84-74DEADA19C5A}"
EndProject
Global
	GlobalSection(SolutionConfigurationPlatforms) = preSolution
		Debug|Any CPU = Debug|Any CPU
		Release|Any CPU = Release|Any CPU
	EndGlobalSection
	GlobalSection(ProjectConfigurationPlatforms) = postSolution
		{17C62FFA-02C2-AACD-2DA8-22BB3875C6A6}.Debug|Any CPU.ActiveCfg = Debug|Any CPU
		{17C62FFA-02C2-AACD-2DA8-22BB3875C6A6}.Debug|Any CPU.Build.0 = Debug|Any CPU
		{17C62FFA-02C2-AACD-2DA8-22BB3875C6A6}.Release|Any CPU.ActiveCfg = Release|Any CPU
		{17C62FFA-02C2-AACD-2DA8-22BB3875C6A6}.Release|Any CPU.Build.0 = Release|Any CPU
		{58E56DEB-4788-4295-21F0-D7BB61ECFFB3}.Debug|Any CPU.ActiveCfg = Debug|Any CPU
		{58E56DEB-4788-4295-21F0-D7BB61ECFFB3}.Debug|Any CPU.Build.0 = Debug|Any CPU
		{58E56DEB-4788-4295-21F0-D7BB61ECFFB3}.Release|Any CPU.ActiveCfg = Release|Any CPU
		{58E56DEB-4788-4295-21F0-D7BB61ECFFB3}.Release|Any CPU.Build.0 = Release|Any CPU
		{3ABB5BF0-8CE1-825C-8E84-74DEADA19C5A}.Debug|Any CPU.ActiveCfg = Debug|Any CPU
		{3ABB5BF0-8CE1-825C-8E84-74DEADA19C5A}.Debug|Any CPU.Build.0 = Debug|Any CPU
		{3ABB5BF0-8CE1-825C-8E84-74DEADA19C5A}.Release|Any CPU.ActiveCfg = Release|Any CPU
		{3ABB5BF0-8CE1-825C-8E84-74DEADA19C5A}.Release|Any CPU.Build.0 = Release|Any CPU
	EndGlobalSection
	GlobalSection(SolutionProperties) = preSolution
		HideSolutionNode = FALSE
	EndGlobalSection
	GlobalSection(MonoDevelopProperties) = preSolution
		StartupItem = Assembly-CSharp.csproj
	EndGlobalSection
EndGlobal
